// !$*UTF8*$!
{
	archiveVersion = 1;
	classes = {
	};
	objectVersion = 48;
	objects = {

/* Begin PBXBuildFile section */
		8DE73C1D1FADF9F8009020AC /* AppDelegate.swift in Sources */ = {isa = PBXBuildFile; fileRef = 8DE73C1C1FADF9F8009020AC /* AppDelegate.swift */; };
		8DE73C1F1FADF9F8009020AC /* ViewController.swift in Sources */ = {isa = PBXBuildFile; fileRef = 8DE73C1E1FADF9F8009020AC /* ViewController.swift */; };
		8DE73C221FADF9F8009020AC /* Main.storyboard in Resources */ = {isa = PBXBuildFile; fileRef = 8DE73C201FADF9F8009020AC /* Main.storyboard */; };
		8DE73C241FADF9F8009020AC /* Assets.xcassets in Resources */ = {isa = PBXBuildFile; fileRef = 8DE73C231FADF9F8009020AC /* Assets.xcassets */; };
		8DE73C271FADF9F8009020AC /* LaunchScreen.storyboard in Resources */ = {isa = PBXBuildFile; fileRef = 8DE73C251FADF9F8009020AC /* LaunchScreen.storyboard */; };
		8DE73C2F1FADFB2A009020AC /* FibonacciSequence.swift in Sources */ = {isa = PBXBuildFile; fileRef = 8DE73C2E1FADFB2A009020AC /* FibonacciSequence.swift */; };
/* End PBXBuildFile section */

/* Begin PBXFileReference section */
		8DE73C191FADF9F8009020AC /* FibonacciApp.app */ = {isa = PBXFileReference; explicitFileType = wrapper.application; includeInIndex = 0; path = FibonacciApp.app; sourceTree = BUILT_PRODUCTS_DIR; };
		8DE73C1C1FADF9F8009020AC /* AppDelegate.swift */ = {isa = PBXFileReference; lastKnownFileType = sourcecode.swift; path = AppDelegate.swift; sourceTree = "<group>"; };
		8DE73C1E1FADF9F8009020AC /* ViewController.swift */ = {isa = PBXFileReference; lastKnownFileType = sourcecode.swift; path = ViewController.swift; sourceTree = "<group>"; };
		8DE73C211FADF9F8009020AC /* Base */ = {isa = PBXFileReference; lastKnownFileType = file.storyboard; name = Base; path = Base.lproj/Main.storyboard; sourceTree = "<group>"; };
		8DE73C231FADF9F8009020AC /* Assets.xcassets */ = {isa = PBXFileReference; lastKnownFileType = folder.assetcatalog; path = Assets.xcassets; sourceTree = "<group>"; };
		8DE73C261FADF9F8009020AC /* Base */ = {isa = PBXFileReference; lastKnownFileType = file.storyboard; name = Base; path = Base.lproj/LaunchScreen.storyboard; sourceTree = "<group>"; };
		8DE73C281FADF9F8009020AC /* Info.plist */ = {isa = PBXFileReference; lastKnownFileType = text.plist.xml; path = Info.plist; sourceTree = "<group>"; };
		8DE73C2E1FADFB2A009020AC /* FibonacciSequence.swift */ = {isa = PBXFileReference; lastKnownFileType = sourcecode.swift; path = FibonacciSequence.swift; sourceTree = "<group>"; };
/* End PBXFileReference section */

/* Begin PBXFrameworksBuildPhase section */
		8DE73C161FADF9F8009020AC /* Frameworks */ = {
			isa = PBXFrameworksBuildPhase;
			buildActionMask = 2147483647;
			files = (
			);
			runOnlyForDeploymentPostprocessing = 0;
		};
/* End PBXFrameworksBuildPhase section */

/* Begin PBXGroup section */
		8DE73C101FADF9F8009020AC = {
			isa = PBXGroup;
			children = (
				8DE73C1B1FADF9F8009020AC /* FibonacciApp */,
				8DE73C1A1FADF9F8009020AC /* Products */,
			);
			sourceTree = "<group>";
		};
		8DE73C1A1FADF9F8009020AC /* Products */ = {
			isa = PBXGroup;
			children = (
				8DE73C191FADF9F8009020AC /* FibonacciApp.app */,
			);
			name = Products;
			sourceTree = "<group>";
		};
		8DE73C1B1FADF9F8009020AC /* FibonacciApp */ = {
			isa = PBXGroup;
			children = (
				8DE73C1C1FADF9F8009020AC /* AppDelegate.swift */,
				8DE73C1E1FADF9F8009020AC /* ViewController.swift */,
				8DE73C201FADF9F8009020AC /* Main.storyboard */,
				8DE73C2E1FADFB2A009020AC /* FibonacciSequence.swift */,
				8DE73C231FADF9F8009020AC /* Assets.xcassets */,
				8DE73C251FADF9F8009020AC /* LaunchScreen.storyboard */,
				8DE73C281FADF9F8009020AC /* Info.plist */,
			);
			path = FibonacciApp;
			sourceTree = "<group>";
		};
/* End PBXGroup section */

/* Begin PBXNativeTarget section */
		8DE73C181FADF9F8009020AC /* FibonacciApp */ = {
			isa = PBXNativeTarget;
			buildConfigurationList = 8DE73C2B1FADF9F8009020AC /* Build configuration list for PBXNativeTarget "FibonacciApp" */;
			buildPhases = (
				8DE73C151FADF9F8009020AC /* Sources */,
				8DE73C161FADF9F8009020AC /* Frameworks */,
				8DE73C171FADF9F8009020AC /* Resources */,
			);
			buildRules = (
			);
			dependencies = (
			);
			name = FibonacciApp;
			productName = FibonacciApp;
			productReference = 8DE73C191FADF9F8009020AC /* FibonacciApp.app */;
			productType = "com.apple.product-type.application";
		};
/* End PBXNativeTarget section */

/* Begin PBXProject section */
		8DE73C111FADF9F8009020AC /* Project object */ = {
			isa = PBXProject;
			attributes = {
				LastSwiftUpdateCheck = 0900;
				LastUpgradeCheck = 0900;
				ORGANIZATIONNAME = "Nyquist Art + Logic LLC";
				TargetAttributes = {
					8DE73C181FADF9F8009020AC = {
						CreatedOnToolsVersion = 9.0.1;
						ProvisioningStyle = Automatic;
					};
				};
			};
			buildConfigurationList = 8DE73C141FADF9F8009020AC /* Build configuration list for PBXProject "FibonacciApp" */;
			compatibilityVersion = "Xcode 8.0";
			developmentRegion = en;
			hasScannedForEncodings = 0;
			knownRegions = (
				en,
				Base,
			);
			mainGroup = 8DE73C101FADF9F8009020AC;
			productRefGroup = 8DE73C1A1FADF9F8009020AC /* Products */;
			projectDirPath = "";
			projectRoot = "";
			targets = (
				8DE73C181FADF9F8009020AC /* FibonacciApp */,
			);
		};
/* End PBXProject section */

/* Begin PBXResourcesBuildPhase section */
		8DE73C171FADF9F8009020AC /* Resources */ = {
			isa = PBXResourcesBuildPhase;
			buildActionMask = 2147483647;
			files = (
				8DE73C271FADF9F8009020AC /* LaunchScreen.storyboard in Resources */,
				8DE73C241FADF9F8009020AC /* Assets.xcassets in Resources */,
				8DE73C221FADF9F8009020AC /* Main.storyboard in Resources */,
			);
			runOnlyForDeploymentPostprocessing = 0;
		};
/* End PBXResourcesBuildPhase section */

/* Begin PBXSourcesBuildPhase section */
		8DE73C151FADF9F8009020AC /* Sources */ = {
			isa = PBXSourcesBuildPhase;
			buildActionMask = 2147483647;
			files = (
				8DE73C2F1FADFB2A009020AC /* FibonacciSequence.swift in Sources */,
				8DE73C1F1FADF9F8009020AC /* ViewController.swift in Sources */,
				8DE73C1D1FADF9F8009020AC /* AppDelegate.swift in Sources */,
			);
			runOnlyForDeploymentPostprocessing = 0;
		};
/* End PBXSourcesBuildPhase section */

/* Begin PBXVariantGroup section */
		8DE73C201FADF9F8009020AC /* Main.storyboard */ = {
			isa = PBXVariantGroup;
			children = (
				8DE73C211FADF9F8009020AC /* Base */,
			);
			name = Main.storyboard;
			sourceTree = "<group>";
		};
		8DE73C251FADF9F8009020AC /* LaunchScreen.storyboard */ = {
			isa = PBXVariantGroup;
			children = (
				8DE73C261FADF9F8009020AC /* Base */,
			);
			name = LaunchScreen.storyboard;
			sourceTree = "<group>";
		};
/* End PBXVariantGroup section */

/* Begin XCBuildConfiguration section */
		8DE73C291FADF9F8009020AC /* Debug */ = {
			isa = XCBuildConfiguration;
			buildSettings = {
				ALWAYS_SEARCH_USER_PATHS = NO;
				CLANG_ANALYZER_NONNULL = YES;
				CLANG_ANALYZER_NUMBER_OBJECT_CONVERSION = YES_AGGRESSIVE;
				CLANG_CXX_LANGUAGE_STANDARD = "gnu++14";
				CLANG_CXX_LIBRARY = "libc++";
				CLANG_ENABLE_MODULES = YES;
				CLANG_ENABLE_OBJC_ARC = YES;
				CLANG_WARN_BLOCK_CAPTURE_AUTORELEASING = YES;
				CLANG_WARN_BOOL_CONVERSION = YES;
				CLANG_WARN_COMMA = YES;
				CLANG_WARN_CONSTANT_CONVERSION = YES;
				CLANG_WARN_DIRECT_OBJC_ISA_USAGE = YES_ERROR;
				CLANG_WARN_DOCUMENTATION_COMMENTS = YES;
				CLANG_WARN_EMPTY_BODY = YES;
				CLANG_WARN_ENUM_CONVERSION = YES;
				CLANG_WARN_INFINITE_RECURSION = YES;
				CLANG_WARN_INT_CONVERSION = YES;
				CLANG_WARN_NON_LITERAL_NULL_CONVERSION = YES;
				CLANG_WARN_OBJC_LITERAL_CONVERSION = YES;
				CLANG_WARN_OBJC_ROOT_CLASS = YES_ERROR;
				CLANG_WARN_RANGE_LOOP_ANALYSIS = YES;
				CLANG_WARN_STRICT_PROTOTYPES = YES;
				CLANG_WARN_SUSPICIOUS_MOVE = YES;
				CLANG_WARN_UNGUARDED_AVAILABILITY = YES_AGGRESSIVE;
				CLANG_WARN_UNREACHABLE_CODE = YES;
				CLANG_WARN__DUPLICATE_METHOD_MATCH = YES;
				CODE_SIGN_IDENTITY = "iPhone Developer";
				COPY_PHASE_STRIP = NO;
				DEBUG_INFORMATION_FORMAT = dwarf;
				ENABLE_STRICT_OBJC_MSGSEND = YES;
				ENABLE_TESTABILITY = YES;
				GCC_C_LANGUAGE_STANDARD = gnu11;
				GCC_DYNAMIC_NO_PIC = NO;
				GCC_NO_COMMON_BLOCKS = YES;
				GCC_OPTIMIZATION_LEVEL = 0;
				GCC_PREPROCESSOR_DEFINITIONS = (
					"DEBUG=1",
					"$(inherited)",
				);
				GCC_WARN_64_TO_32_BIT_CONVERSION = YES;
				GCC_WARN_ABOUT_RETURN_TYPE = YES_ERROR;
				GCC_WARN_UNDECLARED_SELECTOR = YES;
				GCC_WARN_UNINITIALIZED_AUTOS = YES_AGGRESSIVE;
				GCC_WARN_UNUSED_FUNCTION = YES;
				GCC_WARN_UNUSED_VARIABLE = YES;
				IPHONEOS_DEPLOYMENT_TARGET = 11.0;
				MTL_ENABLE_DEBUG_INFO = YES;
				ONLY_ACTIVE_ARCH = YES;
				SDKROOT = iphoneos;
				SWIFT_ACTIVE_COMPILATION_CONDITIONS = DEBUG;
				SWIFT_OPTIMIZATION_LEVEL = "-Onone";
			};
			name = Debug;
		};
		8DE73C2A1FADF9F8009020AC /* Release */ = {
			isa = XCBuildConfiguration;
			buildSettings = {
				ALWAYS_SEARCH_USER_PATHS = NO;
				CLANG_ANALYZER_NONNULL = YES;
				CLANG_ANALYZER_NUMBER_OBJECT_CONVERSION = YES_AGGRESSIVE;
				CLANG_CXX_LANGUAGE_STANDARD = "gnu++14";
				CLANG_CXX_LIBRARY = "libc++";
				CLANG_ENABLE_MODULES = YES;
				CLANG_ENABLE_OBJC_ARC = YES;
				CLANG_WARN_BLOCK_CAPTURE_AUTORELEASING = YES;
				CLANG_WARN_BOOL_CONVERSION = YES;
				CLANG_WARN_COMMA = YES;
				CLANG_WARN_CONSTANT_CONVERSION = YES;
				CLANG_WARN_DIRECT_OBJC_ISA_USAGE = YES_ERROR;
				CLANG_WARN_DOCUMENTATION_COMMENTS = YES;
				CLANG_WARN_EMPTY_BODY = YES;
				CLANG_WARN_ENUM_CONVERSION = YES;
				CLANG_WARN_INFINITE_RECURSION = YES;
				CLANG_WARN_INT_CONVERSION = YES;
				CLANG_WARN_NON_LITERAL_NULL_CONVERSION = YES;
				CLANG_WARN_OBJC_LITERAL_CONVERSION = YES;
				CLANG_WARN_OBJC_ROOT_CLASS = YES_ERROR;
				CLANG_WARN_RANGE_LOOP_ANALYSIS = YES;
				CLANG_WARN_STRICT_PROTOTYPES = YES;
				CLANG_WARN_SUSPICIOUS_MOVE = YES;
				CLANG_WARN_UNGUARDED_AVAILABILITY = YES_AGGRESSIVE;
				CLANG_WARN_UNREACHABLE_CODE = YES;
				CLANG_WARN__DUPLICATE_METHOD_MATCH = YES;
				CODE_SIGN_IDENTITY = "iPhone Developer";
				COPY_PHASE_STRIP = NO;
				DEBUG_INFORMATION_FORMAT = "dwarf-with-dsym";
				ENABLE_NS_ASSERTIONS = NO;
				ENABLE_STRICT_OBJC_MSGSEND = YES;
				GCC_C_LANGUAGE_STANDARD = gnu11;
				GCC_NO_COMMON_BLOCKS = YES;
				GCC_WARN_64_TO_32_BIT_CONVERSION = YES;
				GCC_WARN_ABOUT_RETURN_TYPE = YES_ERROR;
				GCC_WARN_UNDECLARED_SELECTOR = YES;
				GCC_WARN_UNINITIALIZED_AUTOS = YES_AGGRESSIVE;
				GCC_WARN_UNUSED_FUNCTION = YES;
				GCC_WARN_UNUSED_VARIABLE = YES;
				IPHONEOS_DEPLOYMENT_TARGET = 11.0;
				MTL_ENABLE_DEBUG_INFO = NO;
				SDKROOT = iphoneos;
				SWIFT_OPTIMIZATION_LEVEL = "-Owholemodule";
				VALIDATE_PRODUCT = YES;
			};
			name = Release;
		};
		8DE73C2C1FADF9F8009020AC /* Debug */ = {
			isa = XCBuildConfiguration;
			buildSettings = {
				ASSETCATALOG_COMPILER_APPICON_NAME = AppIcon;
				CODE_SIGN_STYLE = Automatic;
				DEVELOPMENT_TEAM = W8GR9TRDWE;
				INFOPLIST_FILE = FibonacciApp/Info.plist;
				LD_RUNPATH_SEARCH_PATHS = "$(inherited) @executable_path/Frameworks";
				PRODUCT_BUNDLE_IDENTIFIER = net.nyquist.FibonacciApp;
				PRODUCT_NAME = "$(TARGET_NAME)";
				SWIFT_VERSION = 4.0;
				TARGETED_DEVICE_FAMILY = "1,2";
			};
			name = Debug;
		};
		8DE73C2D1FADF9F8009020AC /* Release */ = {
			isa = XCBuildConfiguration;
			buildSettings = {
				ASSETCATALOG_COMPILER_APPICON_NAME = AppIcon;
				CODE_SIGN_STYLE = Automatic;
				DEVELOPMENT_TEAM = W8GR9TRDWE;
				INFOPLIST_FILE = FibonacciApp/Info.plist;
				LD_RUNPATH_SEARCH_PATHS = "$(inherited) @executable_path/Frameworks";
				PRODUCT_BUNDLE_IDENTIFIER = net.nyquist.FibonacciApp;
				PRODUCT_NAME = "$(TARGET_NAME)";
				SWIFT_VERSION = 4.0;
				TARGETED_DEVICE_FAMILY = "1,2";
			};
			name = Release;
		};
/* End XCBuildConfiguration section */

/* Begin XCConfigurationList section */
		8DE73C141FADF9F8009020AC /* Build configuration list for PBXProject "FibonacciApp" */ = {
			isa = XCConfigurationList;
			buildConfigurations = (
				8DE73C291FADF9F8009020AC /* Debug */,
				8DE73C2A1FADF9F8009020AC /* Release */,
			);
			defaultConfigurationIsVisible = 0;
			defaultConfigurationName = Release;
		};
		8DE73C2B1FADF9F8009020AC /* Build configuration list for PBXNativeTarget "FibonacciApp" */ = {
			isa = XCConfigurationList;
			buildConfigurations = (
				8DE73C2C1FADF9F8009020AC /* Debug */,
				8DE73C2D1FADF9F8009020AC /* Release */,
			);
			defaultConfigurationIsVisible = 0;
			defaultConfigurationName = Release;
		};
/* End XCConfigurationList section */
	};
	rootObject = 8DE73C111FADF9F8009020AC /* Project object */;
}
